{
    "_readme": [
        "This file locks the dependencies of your project to a known state",
        "Read more about it at http://getcomposer.org/doc/01-basic-usage.md#composer-lock-the-lock-file"
    ],
    "hash": "5681000111ccc50969d62ecbd3837fa6",
    "packages": [
        {
            "name": "danielmewes/php-rql",
            "version": "dev-master",
            "source": {
                "type": "git",
                "url": "https://github.com/danielmewes/php-rql.git",
                "reference": "0694a9541c0f9e3abbc56529b3d663946f3be68c"
            },
            "dist": {
                "type": "zip",
                "url": "https://api.github.com/repos/danielmewes/php-rql/zipball/0694a9541c0f9e3abbc56529b3d663946f3be68c",
                "reference": "0694a9541c0f9e3abbc56529b3d663946f3be68c",
                "shasum": ""
            },
            "require": {
                "php": ">=5.3.0"
            },
            "type": "library",
            "autoload": {
                "files": [
                    "src/rdb/rdb.php"
                ]
            },
            "notification-url": "https://packagist.org/downloads/",
            "include-path": [
                "src/"
            ],
            "license": [
                "Apache-2.0"
            ],
            "authors": [
                {
                    "name": "Daniel Mewes",
                    "email": "danielmewes@onlinehome.de",
                    "homepage": "http://dmewes.com",
                    "role": "Developer"
                }
            ],
            "description": "A PHP client driver for the RethinkDB query language (ReQL)",
            "homepage": "http://danielmewes.github.io/php-rql/",
            "keywords": [
                "database",
                "driver",
                "reql",
                "rethinkdb"
            ],
            "time": "2014-03-29 07:04:48"
        }
    ],
    "packages-dev": [

    ],
    "aliases": [

    ],
    "minimum-stability": "stable",
    "stability-flags": {
        "danielmewes/php-rql": 20
    },
    "platform": [

    ],
    "platform-dev": [

    ]
}
